// !$*UTF8*$!
{
	archiveVersion = 1;
	classes = {
	};
	objectVersion = 46;
	objects = {

/* Begin PBXBuildFile section */
		6B1E6DF31522068D001CD82D /* UIKit.framework in Frameworks */ = {isa = PBXBuildFile; fileRef = 6B1E6DF21522068D001CD82D /* UIKit.framework */; };
		6B1E6DF51522068D001CD82D /* Foundation.framework in Frameworks */ = {isa = PBXBuildFile; fileRef = 6B1E6DF41522068D001CD82D /* Foundation.framework */; };
		6B1E6DF71522068D001CD82D /* CoreGraphics.framework in Frameworks */ = {isa = PBXBuildFile; fileRef = 6B1E6DF61522068D001CD82D /* CoreGraphics.framework */; };
		6B1E6DFD1522068D001CD82D /* InfoPlist.strings in Resources */ = {isa = PBXBuildFile; fileRef = 6B1E6DFB1522068D001CD82D /* InfoPlist.strings */; };
		6B1E6DFF1522068D001CD82D /* main.m in Sources */ = {isa = PBXBuildFile; fileRef = 6B1E6DFE1522068D001CD82D /* main.m */; };
		6B1E6E031522068D001CD82D /* DentalChartAppDelegate.m in Sources */ = {isa = PBXBuildFile; fileRef = 6B1E6E021522068D001CD82D /* DentalChartAppDelegate.m */; };
		6B1E6E061522068D001CD82D /* MainStoryboard.storyboard in Resources */ = {isa = PBXBuildFile; fileRef = 6B1E6E041522068D001CD82D /* MainStoryboard.storyboard */; };
		6B1E6E091522068D001CD82D /* DentalChartViewController.m in Sources */ = {isa = PBXBuildFile; fileRef = 6B1E6E081522068D001CD82D /* DentalChartViewController.m */; };
		6B1E6E1115220730001CD82D /* ChartView.m in Sources */ = {isa = PBXBuildFile; fileRef = 6B1E6E1015220730001CD82D /* ChartView.m */; };
		6B1F7D5B1564F4AF000AF92A /* ToothButton.m in Sources */ = {isa = PBXBuildFile; fileRef = 6B3562801563963C00407E18 /* ToothButton.m */; };
		6B1F7D601564F572000AF92A /* ToothData.m in Sources */ = {isa = PBXBuildFile; fileRef = 6B3562821563963C00407E18 /* ToothData.m */; };
		6B1F7D621564F579000AF92A /* ToothDataDictionary.m in Sources */ = {isa = PBXBuildFile; fileRef = 6B3562841563963C00407E18 /* ToothDataDictionary.m */; };
		6B1F7D631564F57F000AF92A /* SvgToBezier.m in Sources */ = {isa = PBXBuildFile; fileRef = 6B356288156396EC00407E18 /* SvgToBezier.m */; };
/* End PBXBuildFile section */

/* Begin PBXFileReference section */
		6B1E6DEE1522068D001CD82D /* DentalChart.app */ = {isa = PBXFileReference; explicitFileType = wrapper.application; includeInIndex = 0; path = DentalChart.app; sourceTree = BUILT_PRODUCTS_DIR; };
		6B1E6DF21522068D001CD82D /* UIKit.framework */ = {isa = PBXFileReference; lastKnownFileType = wrapper.framework; name = UIKit.framework; path = System/Library/Frameworks/UIKit.framework; sourceTree = SDKROOT; };
		6B1E6DF41522068D001CD82D /* Foundation.framework */ = {isa = PBXFileReference; lastKnownFileType = wrapper.framework; name = Foundation.framework; path = System/Library/Frameworks/Foundation.framework; sourceTree = SDKROOT; };
		6B1E6DF61522068D001CD82D /* CoreGraphics.framework */ = {isa = PBXFileReference; lastKnownFileType = wrapper.framework; name = CoreGraphics.framework; path = System/Library/Frameworks/CoreGraphics.framework; sourceTree = SDKROOT; };
		6B1E6DFA1522068D001CD82D /* DentalChart-Info.plist */ = {isa = PBXFileReference; lastKnownFileType = text.plist.xml; path = "DentalChart-Info.plist"; sourceTree = "<group>"; };
		6B1E6DFC1522068D001CD82D /* en */ = {isa = PBXFileReference; lastKnownFileType = text.plist.strings; name = en; path = en.lproj/InfoPlist.strings; sourceTree = "<group>"; };
		6B1E6DFE1522068D001CD82D /* main.m */ = {isa = PBXFileReference; lastKnownFileType = sourcecode.c.objc; path = main.m; sourceTree = "<group>"; };
		6B1E6E001522068D001CD82D /* DentalChart-Prefix.pch */ = {isa = PBXFileReference; lastKnownFileType = sourcecode.c.h; path = "DentalChart-Prefix.pch"; sourceTree = "<group>"; };
		6B1E6E011522068D001CD82D /* DentalChartAppDelegate.h */ = {isa = PBXFileReference; lastKnownFileType = sourcecode.c.h; path = DentalChartAppDelegate.h; sourceTree = "<group>"; };
		6B1E6E021522068D001CD82D /* DentalChartAppDelegate.m */ = {isa = PBXFileReference; lastKnownFileType = sourcecode.c.objc; path = DentalChartAppDelegate.m; sourceTree = "<group>"; };
		6B1E6E051522068D001CD82D /* en */ = {isa = PBXFileReference; lastKnownFileType = file.storyboard; name = en; path = en.lproj/MainStoryboard.storyboard; sourceTree = "<group>"; };
		6B1E6E071522068D001CD82D /* DentalChartViewController.h */ = {isa = PBXFileReference; lastKnownFileType = sourcecode.c.h; path = DentalChartViewController.h; sourceTree = "<group>"; };
		6B1E6E081522068D001CD82D /* DentalChartViewController.m */ = {isa = PBXFileReference; lastKnownFileType = sourcecode.c.objc; path = DentalChartViewController.m; sourceTree = "<group>"; };
		6B1E6E0F15220730001CD82D /* ChartView.h */ = {isa = PBXFileReference; fileEncoding = 4; lastKnownFileType = sourcecode.c.h; path = ChartView.h; sourceTree = "<group>"; };
		6B1E6E1015220730001CD82D /* ChartView.m */ = {isa = PBXFileReference; fileEncoding = 4; lastKnownFileType = sourcecode.c.objc; path = ChartView.m; sourceTree = "<group>"; };
		6B35627F1563963C00407E18 /* ToothButton.h */ = {isa = PBXFileReference; lastKnownFileType = sourcecode.c.h; name = ToothButton.h; path = Model/ToothButton.h; sourceTree = "<group>"; };
		6B3562801563963C00407E18 /* ToothButton.m */ = {isa = PBXFileReference; lastKnownFileType = sourcecode.c.objc; name = ToothButton.m; path = Model/ToothButton.m; sourceTree = "<group>"; };
		6B3562811563963C00407E18 /* ToothData.h */ = {isa = PBXFileReference; lastKnownFileType = sourcecode.c.h; name = ToothData.h; path = Model/ToothData.h; sourceTree = "<group>"; };
		6B3562821563963C00407E18 /* ToothData.m */ = {isa = PBXFileReference; lastKnownFileType = sourcecode.c.objc; name = ToothData.m; path = Model/ToothData.m; sourceTree = "<group>"; };
		6B3562831563963C00407E18 /* ToothDataDictionary.h */ = {isa = PBXFileReference; lastKnownFileType = sourcecode.c.h; name = ToothDataDictionary.h; path = Model/ToothDataDictionary.h; sourceTree = "<group>"; };
		6B3562841563963C00407E18 /* ToothDataDictionary.m */ = {isa = PBXFileReference; lastKnownFileType = sourcecode.c.objc; name = ToothDataDictionary.m; path = Model/ToothDataDictionary.m; sourceTree = "<group>"; };
		6B356287156396EC00407E18 /* SvgToBezier.h */ = {isa = PBXFileReference; lastKnownFileType = sourcecode.c.h; name = SvgToBezier.h; path = Dependencies/SvgToBezier.h; sourceTree = "<group>"; };
		6B356288156396EC00407E18 /* SvgToBezier.m */ = {isa = PBXFileReference; lastKnownFileType = sourcecode.c.objc; name = SvgToBezier.m; path = Dependencies/SvgToBezier.m; sourceTree = "<group>"; };
/* End PBXFileReference section */

/* Begin PBXFrameworksBuildPhase section */
		6B1E6DEB1522068D001CD82D /* Frameworks */ = {
			isa = PBXFrameworksBuildPhase;
			buildActionMask = 2147483647;
			files = (
				6B1E6DF31522068D001CD82D /* UIKit.framework in Frameworks */,
				6B1E6DF51522068D001CD82D /* Foundation.framework in Frameworks */,
				6B1E6DF71522068D001CD82D /* CoreGraphics.framework in Frameworks */,
			);
			runOnlyForDeploymentPostprocessing = 0;
		};
/* End PBXFrameworksBuildPhase section */

/* Begin PBXGroup section */
		6B1E6DE31522068D001CD82D = {
			isa = PBXGroup;
			children = (
				6B1E6DF81522068D001CD82D /* DentalChart */,
				6B1E6DF11522068D001CD82D /* Frameworks */,
				6B1E6DEF1522068D001CD82D /* Products */,
			);
			sourceTree = "<group>";
		};
		6B1E6DEF1522068D001CD82D /* Products */ = {
			isa = PBXGroup;
			children = (
				6B1E6DEE1522068D001CD82D /* DentalChart.app */,
			);
			name = Products;
			sourceTree = "<group>";
		};
		6B1E6DF11522068D001CD82D /* Frameworks */ = {
			isa = PBXGroup;
			children = (
				6B1E6DF21522068D001CD82D /* UIKit.framework */,
				6B1E6DF41522068D001CD82D /* Foundation.framework */,
				6B1E6DF61522068D001CD82D /* CoreGraphics.framework */,
			);
			name = Frameworks;
			sourceTree = "<group>";
		};
		6B1E6DF81522068D001CD82D /* DentalChart */ = {
			isa = PBXGroup;
			children = (
				6B35627D1563960200407E18 /* Dependencies */,
				6B35627715632E0800407E18 /* Model */,
				6B1E6E011522068D001CD82D /* DentalChartAppDelegate.h */,
				6B1E6E021522068D001CD82D /* DentalChartAppDelegate.m */,
				6B1E6E041522068D001CD82D /* MainStoryboard.storyboard */,
				6B1E6E071522068D001CD82D /* DentalChartViewController.h */,
				6B1E6E081522068D001CD82D /* DentalChartViewController.m */,
				6B1E6E0F15220730001CD82D /* ChartView.h */,
				6B1E6E1015220730001CD82D /* ChartView.m */,
				6B1E6DF91522068D001CD82D /* Supporting Files */,
			);
			path = DentalChart;
			sourceTree = "<group>";
		};
		6B1E6DF91522068D001CD82D /* Supporting Files */ = {
			isa = PBXGroup;
			children = (
				6B1E6DFA1522068D001CD82D /* DentalChart-Info.plist */,
				6B1E6DFB1522068D001CD82D /* InfoPlist.strings */,
				6B1E6DFE1522068D001CD82D /* main.m */,
				6B1E6E001522068D001CD82D /* DentalChart-Prefix.pch */,
			);
			name = "Supporting Files";
			sourceTree = "<group>";
		};
		6B35627715632E0800407E18 /* Model */ = {
			isa = PBXGroup;
			children = (
				6B35627F1563963C00407E18 /* ToothButton.h */,
				6B3562801563963C00407E18 /* ToothButton.m */,
				6B3562811563963C00407E18 /* ToothData.h */,
				6B3562821563963C00407E18 /* ToothData.m */,
				6B3562831563963C00407E18 /* ToothDataDictionary.h */,
				6B3562841563963C00407E18 /* ToothDataDictionary.m */,
			);
			name = Model;
			sourceTree = "<group>";
		};
		6B35627D1563960200407E18 /* Dependencies */ = {
			isa = PBXGroup;
			children = (
				6B356287156396EC00407E18 /* SvgToBezier.h */,
				6B356288156396EC00407E18 /* SvgToBezier.m */,
			);
			name = Dependencies;
			sourceTree = "<group>";
		};
/* End PBXGroup section */

/* Begin PBXNativeTarget section */
		6B1E6DED1522068D001CD82D /* DentalChart */ = {
			isa = PBXNativeTarget;
			buildConfigurationList = 6B1E6E0C1522068D001CD82D /* Build configuration list for PBXNativeTarget "DentalChart" */;
			buildPhases = (
				6B1E6DEA1522068D001CD82D /* Sources */,
				6B1E6DEB1522068D001CD82D /* Frameworks */,
				6B1E6DEC1522068D001CD82D /* Resources */,
			);
			buildRules = (
			);
			dependencies = (
			);
			name = DentalChart;
			productName = DentalChart;
			productReference = 6B1E6DEE1522068D001CD82D /* DentalChart.app */;
			productType = "com.apple.product-type.application";
		};
/* End PBXNativeTarget section */

/* Begin PBXProject section */
		6B1E6DE51522068D001CD82D /* Project object */ = {
			isa = PBXProject;
			attributes = {
				CLASSPREFIX = DentalChart;
				LastUpgradeCheck = 0430;
				ORGANIZATIONNAME = PeerLabs;
			};
			buildConfigurationList = 6B1E6DE81522068D001CD82D /* Build configuration list for PBXProject "DentalChart" */;
			compatibilityVersion = "Xcode 3.2";
			developmentRegion = English;
			hasScannedForEncodings = 0;
			knownRegions = (
				en,
			);
			mainGroup = 6B1E6DE31522068D001CD82D;
			productRefGroup = 6B1E6DEF1522068D001CD82D /* Products */;
			projectDirPath = "";
			projectRoot = "";
			targets = (
				6B1E6DED1522068D001CD82D /* DentalChart */,
			);
		};
/* End PBXProject section */

/* Begin PBXResourcesBuildPhase section */
		6B1E6DEC1522068D001CD82D /* Resources */ = {
			isa = PBXResourcesBuildPhase;
			buildActionMask = 2147483647;
			files = (
				6B1E6DFD1522068D001CD82D /* InfoPlist.strings in Resources */,
				6B1E6E061522068D001CD82D /* MainStoryboard.storyboard in Resources */,
			);
			runOnlyForDeploymentPostprocessing = 0;
		};
/* End PBXResourcesBuildPhase section */

/* Begin PBXSourcesBuildPhase section */
		6B1E6DEA1522068D001CD82D /* Sources */ = {
			isa = PBXSourcesBuildPhase;
			buildActionMask = 2147483647;
			files = (
				6B1F7D631564F57F000AF92A /* SvgToBezier.m in Sources */,
				6B1F7D621564F579000AF92A /* ToothDataDictionary.m in Sources */,
				6B1F7D601564F572000AF92A /* ToothData.m in Sources */,
				6B1E6DFF1522068D001CD82D /* main.m in Sources */,
				6B1E6E031522068D001CD82D /* DentalChartAppDelegate.m in Sources */,
				6B1E6E091522068D001CD82D /* DentalChartViewController.m in Sources */,
				6B1E6E1115220730001CD82D /* ChartView.m in Sources */,
				6B1F7D5B1564F4AF000AF92A /* ToothButton.m in Sources */,
			);
			runOnlyForDeploymentPostprocessing = 0;
		};
/* End PBXSourcesBuildPhase section */

/* Begin PBXVariantGroup section */
		6B1E6DFB1522068D001CD82D /* InfoPlist.strings */ = {
			isa = PBXVariantGroup;
			children = (
				6B1E6DFC1522068D001CD82D /* en */,
			);
			name = InfoPlist.strings;
			sourceTree = "<group>";
		};
		6B1E6E041522068D001CD82D /* MainStoryboard.storyboard */ = {
			isa = PBXVariantGroup;
			children = (
				6B1E6E051522068D001CD82D /* en */,
			);
			name = MainStoryboard.storyboard;
			sourceTree = "<group>";
		};
/* End PBXVariantGroup section */

/* Begin XCBuildConfiguration section */
		6B1E6E0A1522068D001CD82D /* Debug */ = {
			isa = XCBuildConfiguration;
			buildSettings = {
				ALWAYS_SEARCH_USER_PATHS = NO;
				ARCHS = "$(ARCHS_STANDARD_32_BIT)";
				CLANG_ENABLE_OBJC_ARC = YES;
				"CODE_SIGN_IDENTITY[sdk=iphoneos*]" = "iPhone Developer";
				COPY_PHASE_STRIP = NO;
				GCC_C_LANGUAGE_STANDARD = gnu99;
				GCC_DYNAMIC_NO_PIC = NO;
				GCC_OPTIMIZATION_LEVEL = 0;
				GCC_PREPROCESSOR_DEFINITIONS = (
					"DEBUG=1",
					"$(inherited)",
				);
				GCC_SYMBOLS_PRIVATE_EXTERN = NO;
				GCC_VERSION = "";
				GCC_WARN_ABOUT_RETURN_TYPE = YES;
				GCC_WARN_UNINITIALIZED_AUTOS = YES;
				GCC_WARN_UNUSED_VARIABLE = YES;
				IPHONEOS_DEPLOYMENT_TARGET = 5.1;
				SDKROOT = iphoneos;
				TARGETED_DEVICE_FAMILY = 2;
			};
			name = Debug;
		};
		6B1E6E0B1522068D001CD82D /* Release */ = {
			isa = XCBuildConfiguration;
			buildSettings = {
				ALWAYS_SEARCH_USER_PATHS = NO;
				ARCHS = "$(ARCHS_STANDARD_32_BIT)";
				CLANG_ENABLE_OBJC_ARC = YES;
				"CODE_SIGN_IDENTITY[sdk=iphoneos*]" = "iPhone Developer";
				COPY_PHASE_STRIP = YES;
				GCC_C_LANGUAGE_STANDARD = gnu99;
				GCC_VERSION = "";
				GCC_WARN_ABOUT_RETURN_TYPE = YES;
				GCC_WARN_UNINITIALIZED_AUTOS = YES;
				GCC_WARN_UNUSED_VARIABLE = YES;
				IPHONEOS_DEPLOYMENT_TARGET = 5.1;
				OTHER_CFLAGS = "-DNS_BLOCK_ASSERTIONS=1";
				SDKROOT = iphoneos;
				TARGETED_DEVICE_FAMILY = 2;
				VALIDATE_PRODUCT = YES;
			};
			name = Release;
		};
		6B1E6E0D1522068D001CD82D /* Debug */ = {
			isa = XCBuildConfiguration;
			buildSettings = {
				GCC_PRECOMPILE_PREFIX_HEADER = YES;
				GCC_PREFIX_HEADER = "DentalChart/DentalChart-Prefix.pch";
				INFOPLIST_FILE = "DentalChart/DentalChart-Info.plist";
				PRODUCT_NAME = "$(TARGET_NAME)";
				WRAPPER_EXTENSION = app;
			};
			name = Debug;
		};
		6B1E6E0E1522068D001CD82D /* Release */ = {
			isa = XCBuildConfiguration;
			buildSettings = {
				GCC_PRECOMPILE_PREFIX_HEADER = YES;
				GCC_PREFIX_HEADER = "DentalChart/DentalChart-Prefix.pch";
				INCLUDED_RECURSIVE_SEARCH_PATH_SUBDIRECTORIES = "\"$(SRCROOT)/DentalChart/Dependencies\" \"$(SRCROOT)/DentalChart/Model\"";
				INFOPLIST_FILE = "DentalChart/DentalChart-Info.plist";
				PRODUCT_NAME = "$(TARGET_NAME)";
				WRAPPER_EXTENSION = app;
			};
			name = Release;
		};
/* End XCBuildConfiguration section */

/* Begin XCConfigurationList section */
		6B1E6DE81522068D001CD82D /* Build configuration list for PBXProject "DentalChart" */ = {
			isa = XCConfigurationList;
			buildConfigurations = (
				6B1E6E0A1522068D001CD82D /* Debug */,
				6B1E6E0B1522068D001CD82D /* Release */,
			);
			defaultConfigurationIsVisible = 0;
			defaultConfigurationName = Release;
		};
		6B1E6E0C1522068D001CD82D /* Build configuration list for PBXNativeTarget "DentalChart" */ = {
			isa = XCConfigurationList;
			buildConfigurations = (
				6B1E6E0D1522068D001CD82D /* Debug */,
				6B1E6E0E1522068D001CD82D /* Release */,
			);
			defaultConfigurationIsVisible = 0;
			defaultConfigurationName = Release;
		};
/* End XCConfigurationList section */
	};
	rootObject = 6B1E6DE51522068D001CD82D /* Project object */;
}
